<?xml version="1.0" encoding="utf-8"?>
<Project ToolsVersion="4.0" xmlns="http://schemas.microsoft.com/developer/msbuild/2003">
  <ItemGroup>
    <Filter Include="Source Files">
      <UniqueIdentifier>{4FC737F1-C7A5-4376-A066-2A32D752A2FF}</UniqueIdentifier>
      <Extensions>cpp;c;cc;cxx;def;odl;idl;hpj;bat;asm;asmx</Extensions>
    </Filter>
    <Filter Include="Header Files">
      <UniqueIdentifier>{93995380-89BD-4b04-88EB-625FBE52EBFB}</UniqueIdentifier>
      <Extensions>h;hh;hpp;hxx;hm;inl;inc;ipp;xsd</Extensions>
    </Filter>
    <Filter Include="Resource Files">
      <UniqueIdentifier>{67DA6AB6-F800-4c08-8B7A-83BB121AAD01}</UniqueIdentifier>
      <Extensions>rc;ico;cur;bmp;dlg;rc2;rct;bin;rgs;gif;jpg;jpeg;jpe;resx;tiff;tif;png;wav;mfcribbon-ms</Extensions>
    </Filter>
    <Filter Include="Math">
      <UniqueIdentifier>{d9dcc41b-7915-430f-9b7f-a8ecf83af775}</UniqueIdentifier>
    </Filter>
    <Filter Include="Physics">
      <UniqueIdentifier>{0747481b-e83c-452a-a885-efa750279e6c}</UniqueIdentifier>
    </Filter>
    <Filter Include="SDL">
      <UniqueIdentifier>{7a1edbfd-6940-47f7-a67a-59b80e9d3339}</UniqueIdentifier>
    </Filter>
    <Filter Include="Core">
      <UniqueIdentifier>{e963e278-227d-4608-ba1a-71dd45abc618}</UniqueIdentifier>
    </Filter>
    <Filter Include="Geometry">
      <UniqueIdentifier>{638625d0-17e0-4ce6-99f0-ed4a8585f050}</UniqueIdentifier>
    </Filter>
    <Filter Include="Renderers">
      <UniqueIdentifier>{a33ed243-c2d8-46d2-93e7-002118ffdce1}</UniqueIdentifier>
    </Filter>
    <Filter Include="Renderers\Vulkan">
      <UniqueIdentifier>{35b54d9c-6338-44b2-970c-22a60bdf6b14}</UniqueIdentifier>
    </Filter>
    <Filter Include="Renderers\Shaders">
      <UniqueIdentifier>{39f4aac1-ea07-4cb1-9e6b-3c103b9a3959}</UniqueIdentifier>
    </Filter>
    <Filter Include="Renderers\Shaders\BaseShader">
      <UniqueIdentifier>{2b822bc2-338f-444a-ae61-5b458378ff69}</UniqueIdentifier>
    </Filter>
    <Filter Include="Objects">
      <UniqueIdentifier>{18bc5a66-56e6-4209-ab5d-4c13aadb0386}</UniqueIdentifier>
    </Filter>
    <Filter Include="Objects\Components">
      <UniqueIdentifier>{d37a1860-5b35-43d9-b6d7-3b4d789bf357}</UniqueIdentifier>
    </Filter>
    <Filter Include="Levels">
      <UniqueIdentifier>{431cbc55-f548-423f-a28b-4680fa26759f}</UniqueIdentifier>
    </Filter>
    <Filter Include="Objects\Components\Collision">
      <UniqueIdentifier>{620ae3cd-6396-477b-a9be-5d485b81cd0c}</UniqueIdentifier>
    </Filter>
    <Filter Include="BilliardGame">
      <UniqueIdentifier>{8551d203-c898-4a55-9759-5cb44bb8289f}</UniqueIdentifier>
    </Filter>
  </ItemGroup>
  <ItemGroup>
    <ClCompile Include="Source.cpp">
      <Filter>Source Files</Filter>
    </ClCompile>
    <ClCompile Include="Engine\SDL\SDLEventHandler.cpp">
      <Filter>SDL</Filter>
    </ClCompile>
    <ClCompile Include="Engine\SDL\SDLManager.cpp">
      <Filter>SDL</Filter>
    </ClCompile>
    <ClCompile Include="Engine\SDL\SDLWindowManager.cpp">
      <Filter>SDL</Filter>
    </ClCompile>
    <ClCompile Include="Engine\Geometry\Box.cpp">
      <Filter>Geometry</Filter>
    </ClCompile>
    <ClCompile Include="Engine\Geometry\Plane.cpp">
      <Filter>Geometry</Filter>
    </ClCompile>
    <ClCompile Include="Engine\Geometry\Ray.cpp">
      <Filter>Geometry</Filter>
    </ClCompile>
    <ClCompile Include="Engine\Geometry\Sphere.cpp">
      <Filter>Geometry</Filter>
    </ClCompile>
    <ClCompile Include="Engine\Math\FMatrix.cpp">
      <Filter>Math</Filter>
    </ClCompile>
    <ClCompile Include="Engine\Math\FMatrix4.cpp">
      <Filter>Math</Filter>
    </ClCompile>
    <ClCompile Include="Engine\Math\FQuaternion.cpp">
      <Filter>Math</Filter>
    </ClCompile>
    <ClCompile Include="Engine\Math\FTransform.cpp">
      <Filter>Math</Filter>
    </ClCompile>
    <ClCompile Include="Engine\Math\FVector3.cpp">
      <Filter>Math</Filter>
    </ClCompile>
    <ClCompile Include="Engine\Math\FVector4.cpp">
      <Filter>Math</Filter>
    </ClCompile>
    <ClCompile Include="Game\BilliardBall.cpp">
      <Filter>BilliardGame</Filter>
    </ClCompile>
    <ClCompile Include="Game\BilliardGame.cpp">
      <Filter>BilliardGame</Filter>
    </ClCompile>
    <ClCompile Include="Game\BilliardLevel.cpp">
      <Filter>BilliardGame</Filter>
    </ClCompile>
    <ClCompile Include="Game\BilliardTable.cpp">
      <Filter>BilliardGame</Filter>
    </ClCompile>
    <ClCompile Include="Engine\SDL\Window.cpp">
      <Filter>Source Files</Filter>
    </ClCompile>
    <ClCompile Include="Engine\Core\Clock.cpp">
      <Filter>Source Files</Filter>
    </ClCompile>
    <ClCompile Include="Engine\Objects\Components\CameraComponent.cpp">
      <Filter>Objects\Components</Filter>
    </ClCompile>
    <ClCompile Include="Engine\Objects\Components\Colliders\CollisionComponent.cpp">
      <Filter>Objects\Components\Collision</Filter>
    </ClCompile>
    <ClCompile Include="Engine\Objects\Components\StaticMeshComponent.cpp">
      <Filter>Objects\Components</Filter>
    </ClCompile>
    <ClCompile Include="Engine\Objects\Components\SphereCollision.cpp">
      <Filter>Objects\Components\Collision</Filter>
    </ClCompile>
    <ClCompile Include="Engine\Objects\Components\PhysicsComponent.cpp">
      <Filter>Objects\Components</Filter>
    </ClCompile>
    <ClCompile Include="Engine\Objects\Components\BoxCollision.cpp">
      <Filter>Objects\Components\Collision</Filter>
    </ClCompile>
    <ClCompile Include="Engine\Objects\GameObjects\GameObject.cpp">
      <Filter>Objects</Filter>
    </ClCompile>
    <ClCompile Include="Engine\Core\Game.cpp">
      <Filter>Source Files</Filter>
    </ClCompile>
    <ClCompile Include="Engine\Core\Level.cpp">
      <Filter>Levels</Filter>
    </ClCompile>
    <ClCompile Include="Engine\Core\AssetLoader.cpp">
      <Filter>Renderers</Filter>
    </ClCompile>
    <ClCompile Include="Engine\Core\TextureLoader.cpp">
      <Filter>Renderers</Filter>
    </ClCompile>
    <ClCompile Include="Engine\Objects\Components\TransformComponent.cpp">
      <Filter>Objects\Components</Filter>
    </ClCompile>
    <ClCompile Include="Engine\Objects\Components\MovementComponent.cpp">
      <Filter>Objects\Components</Filter>
    </ClCompile>
    <ClCompile Include="Engine\Objects\GameObjects\PhysicsBody.cpp">
      <Filter>Objects</Filter>
    </ClCompile>
    <ClCompile Include="Engine\Physics\PhysicsLib.cpp">
      <Filter>Physics</Filter>
    </ClCompile>
    <ClCompile Include="Engine\Core\CollisionData.h">
      <Filter>Objects\Components\Collision</Filter>
    </ClCompile>
    <ClCompile Include="Engine\Renderers\Vulkan\VulkanDebugger.cpp">
      <Filter>Renderers\Vulkan</Filter>
    </ClCompile>
    <ClCompile Include="Engine\Renderers\Vulkan\VulkanDevices.cpp">
      <Filter>Renderers\Vulkan</Filter>
    </ClCompile>
    <ClCompile Include="Engine\Renderers\Vulkan\VulkanManager.cpp">
      <Filter>Renderers\Vulkan</Filter>
    </ClCompile>
    <ClCompile Include="Engine\Renderers\Vulkan\VulkanPipelineManager.cpp">
      <Filter>Renderers\Vulkan</Filter>
    </ClCompile>
    <ClCompile Include="Engine\Renderers\Vulkan\VulkanSwapchainManager.cpp">
      <Filter>Renderers\Vulkan</Filter>
    </ClCompile>
    <ClCompile Include="Engine\Core\CoreEngine.cpp">
      <Filter>Source Files</Filter>
    </ClCompile>
    <ClCompile Include="Engine\Core\DebugLogger.cpp">
      <Filter>Source Files</Filter>
    </ClCompile>
    <ClCompile Include="Game\Levels\L_StartLevel.cpp">
      <Filter>Source Files</Filter>
    </ClCompile>
    <ClCompile Include="Game\Levels\L_MainLevel.cpp">
      <Filter>Source Files</Filter>
    </ClCompile>
    <ClCompile Include="Game\Game01.cpp">
      <Filter>Source Files</Filter>
    </ClCompile>
    <ClCompile Include="Engine\Renderers\OpenGL\OpelGLManager.cpp">
      <Filter>Source Files</Filter>
    </ClCompile>
    <ClCompile Include="Game\GO_Triangle.cpp">
      <Filter>Source Files</Filter>
    </ClCompile>
    <ClCompile Include="Engine\Renderers\OpenGL\OpenGLShaderManager.cpp">
      <Filter>Source Files</Filter>
    </ClCompile>
    <ClCompile Include="Game\GO_Camera.cpp">
      <Filter>Source Files</Filter>
    </ClCompile>
    <ClCompile Include="Engine\SDL\SDLTextureHandler.cpp">
      <Filter>SDL</Filter>
    </ClCompile>
    <ClCompile Include="Engine\FX\LightSourceComponent.cpp">
      <Filter>Source Files</Filter>
    </ClCompile>
    <ClCompile Include="Engine\FX\LightSource.cpp">
      <Filter>Source Files</Filter>
    </ClCompile>
    <ClCompile Include="Engine\FX\DirectionalLight.cpp">
      <Filter>Source Files</Filter>
    </ClCompile>
    <ClCompile Include="Engine\FX\DirectionalLightComponent.cpp">
      <Filter>Source Files</Filter>
    </ClCompile>
    <ClCompile Include="Game\Apple.cpp">
      <Filter>Source Files</Filter>
    </ClCompile>
    <ClCompile Include="Engine\Math\FVector2.cpp">
      <Filter>Source Files</Filter>
    </ClCompile>
    <ClCompile Include="Engine\Math\IVector2.cpp">
      <Filter>Source Files</Filter>
    </ClCompile>
    <ClCompile Include="Engine\Math\IVector3.cpp">
      <Filter>Source Files</Filter>
    </ClCompile>
    <ClCompile Include="Engine\Core\LevelGraph.cpp">
      <Filter>Source Files</Filter>
    </ClCompile>
    <ClCompile Include="Engine\Objects\Object.cpp">
      <Filter>Source Files</Filter>
    </ClCompile>
    <ClCompile Include="Engine\Event\EventHandler.cpp">
      <Filter>Source Files</Filter>
    </ClCompile>
    <ClCompile Include="MouseHandler.cpp">
      <Filter>Source Files</Filter>
    </ClCompile>
    <ClCompile Include="Game\Pawn.cpp">
      <Filter>Source Files</Filter>
    </ClCompile>
    <ClCompile Include="Engine\Objects\Components\Colliders\BoundingBox.cpp">
      <Filter>Source Files</Filter>
    </ClCompile>
    <ClCompile Include="Engine\Core\OctSpatialPartition.cpp">
      <Filter>Source Files</Filter>
    </ClCompile>
    <ClCompile Include="L_TetrahedronLevel.cpp">
      <Filter>Source Files</Filter>
    </ClCompile>
    <ClCompile Include="Tetrahedron.cpp">
      <Filter>Source Files</Filter>
    </ClCompile>
    <ClCompile Include="Engine\Geometry\Simplex.cpp">
      <Filter>Source Files</Filter>
    </ClCompile>
    <ClCompile Include="Engine\Objects\Components\MeshCollision.cpp">
      <Filter>Source Files</Filter>
    </ClCompile>
    <ClCompile Include="Engine\Core\CollisionHandler.cpp">
      <Filter>Source Files</Filter>
    </ClCompile>
    <ClCompile Include="Engine\Objects\Components\Colliders\CollisionDetection.cpp">
      <Filter>Source Files</Filter>
    </ClCompile>
  </ItemGroup>
  <ItemGroup>
    <ClInclude Include="Engine\SDL\SDLEventHandler.h">
      <Filter>SDL</Filter>
    </ClInclude>
    <ClInclude Include="Engine\SDL\SDLManager.h">
      <Filter>SDL</Filter>
    </ClInclude>
    <ClInclude Include="Engine\SDL\SDLWindowManager.h">
      <Filter>SDL</Filter>
    </ClInclude>
    <ClInclude Include="Engine\Geometry\Box.h">
      <Filter>Geometry</Filter>
    </ClInclude>
    <ClInclude Include="Engine\Geometry\Plane.h">
      <Filter>Geometry</Filter>
    </ClInclude>
    <ClInclude Include="Engine\Geometry\Ray.h">
      <Filter>Geometry</Filter>
    </ClInclude>
    <ClInclude Include="Engine\Geometry\Sphere.h">
      <Filter>Geometry</Filter>
    </ClInclude>
    <ClInclude Include="Engine\Math\FMatrix.h">
      <Filter>Math</Filter>
    </ClInclude>
    <ClInclude Include="Engine\Math\FMatrix4.h">
      <Filter>Math</Filter>
    </ClInclude>
    <ClInclude Include="Engine\Math\FQuaternion.h">
      <Filter>Math</Filter>
    </ClInclude>
    <ClInclude Include="Engine\Math\FTransform.h">
      <Filter>Math</Filter>
    </ClInclude>
    <ClInclude Include="Engine\Math\FVector3.h">
      <Filter>Math</Filter>
    </ClInclude>
    <ClInclude Include="Engine\Math\FVector4.h">
      <Filter>Math</Filter>
    </ClInclude>
    <ClInclude Include="Game\BilliardBall.h">
      <Filter>BilliardGame</Filter>
    </ClInclude>
    <ClInclude Include="Game\BilliardBalls.h">
      <Filter>BilliardGame</Filter>
    </ClInclude>
    <ClInclude Include="Game\BilliardGame.h">
      <Filter>BilliardGame</Filter>
    </ClInclude>
    <ClInclude Include="Game\BilliardLevel.h">
      <Filter>BilliardGame</Filter>
    </ClInclude>
    <ClInclude Include="Game\BilliardTable.h">
      <Filter>BilliardGame</Filter>
    </ClInclude>
    <ClInclude Include="Engine\SDL\Window.h">
      <Filter>Header Files</Filter>
    </ClInclude>
    <ClInclude Include="resource.h">
      <Filter>Header Files</Filter>
    </ClInclude>
    <ClInclude Include="Engine\Core\EngineEvent.h">
      <Filter>Core</Filter>
    </ClInclude>
    <ClInclude Include="Engine\Core\Clock.h">
      <Filter>Header Files</Filter>
    </ClInclude>
    <ClInclude Include="Engine\Objects\Components\CameraComponent.h">
      <Filter>Objects\Components</Filter>
    </ClInclude>
    <ClInclude Include="Engine\Objects\Components\Colliders\CollisionComponent.h">
      <Filter>Objects\Components\Collision</Filter>
    </ClInclude>
    <ClInclude Include="Engine\Objects\Components\Component.h">
      <Filter>Objects\Components</Filter>
    </ClInclude>
    <ClInclude Include="Engine\Objects\Components\StaticMeshComponent.h">
      <Filter>Objects\Components</Filter>
    </ClInclude>
    <ClInclude Include="Engine\Objects\Components\SphereCollision.h">
      <Filter>Objects\Components\Collision</Filter>
    </ClInclude>
    <ClInclude Include="Engine\Objects\Components\PhysicsComponent.h">
      <Filter>Objects\Components</Filter>
    </ClInclude>
    <ClInclude Include="Engine\Objects\Components\BoxCollision.h">
      <Filter>Objects\Components\Collision</Filter>
    </ClInclude>
    <ClInclude Include="Engine\Objects\Object.h">
      <Filter>Objects</Filter>
    </ClInclude>
    <ClInclude Include="Engine\Objects\GameObjects\GameObject.h">
      <Filter>Objects</Filter>
    </ClInclude>
    <ClInclude Include="Engine\Core\Game.h">
      <Filter>Header Files</Filter>
    </ClInclude>
    <ClInclude Include="Engine\Core\Level.h">
      <Filter>Levels</Filter>
    </ClInclude>
    <ClInclude Include="Engine\Core\AssetLoader.h">
      <Filter>Renderers</Filter>
    </ClInclude>
    <ClInclude Include="Engine\Core\TextureLoader.h">
      <Filter>Renderers</Filter>
    </ClInclude>
    <ClInclude Include="Engine\Renderers\Vertex.h">
      <Filter>Renderers</Filter>
    </ClInclude>
    <ClInclude Include="Engine\Renderers\UniformBufferObject.h">
      <Filter>Renderers</Filter>
    </ClInclude>
    <ClInclude Include="Engine\Objects\Components\TransformComponent.h">
      <Filter>Objects\Components</Filter>
    </ClInclude>
    <ClInclude Include="Engine\Objects\Components\MovementComponent.h">
      <Filter>Objects\Components</Filter>
    </ClInclude>
    <ClInclude Include="Engine\Objects\Components\RenderableComponent.h">
      <Filter>Objects\Components</Filter>
    </ClInclude>
    <ClInclude Include="Engine\Objects\GameObjects\PhysicsBody.h">
      <Filter>Objects</Filter>
    </ClInclude>
    <ClInclude Include="Engine\Physics\PhysicsLib.h">
      <Filter>Physics</Filter>
    </ClInclude>
    <ClInclude Include="Engine\Renderers\Renderer.h">
      <Filter>Renderers</Filter>
    </ClInclude>
    <ClInclude Include="Engine\Renderers\RenderInitializationData.h">
      <Filter>Renderers</Filter>
    </ClInclude>
    <ClInclude Include="Engine\Renderers\Vulkan\VulkanDebugger.h">
      <Filter>Renderers\Vulkan</Filter>
    </ClInclude>
    <ClInclude Include="Engine\Renderers\Vulkan\VulkanDevices.h">
      <Filter>Renderers\Vulkan</Filter>
    </ClInclude>
    <ClInclude Include="Engine\Renderers\Vulkan\VulkanManager.h">
      <Filter>Renderers\Vulkan</Filter>
    </ClInclude>
    <ClInclude Include="Engine\Renderers\Vulkan\VulkanPipelineManager.h">
      <Filter>Renderers\Vulkan</Filter>
    </ClInclude>
    <ClInclude Include="Engine\Renderers\Vulkan\VulkanSwapchainManager.h">
      <Filter>Renderers\Vulkan</Filter>
    </ClInclude>
    <ClInclude Include="Engine\Renderers\RenderObject.h">
      <Filter>Renderers</Filter>
    </ClInclude>
    <ClInclude Include="Engine\Core\CoreEngine.h">
      <Filter>Header Files</Filter>
    </ClInclude>
    <ClInclude Include="Engine\Auxiliary\Singleton.h">
      <Filter>Header Files</Filter>
    </ClInclude>
    <ClInclude Include="Engine\Core\DebugLogger.h">
      <Filter>Header Files</Filter>
    </ClInclude>
    <ClInclude Include="Engine\Auxiliary\SingletonCPP.h">
      <Filter>Header Files</Filter>
    </ClInclude>
    <ClInclude Include="Game\Levels\L_StartLevel.h">
      <Filter>Header Files</Filter>
    </ClInclude>
    <ClInclude Include="Game\Levels\L_MainLevel.h">
      <Filter>Header Files</Filter>
    </ClInclude>
    <ClInclude Include="Game\Game01.h">
      <Filter>Header Files</Filter>
    </ClInclude>
    <ClInclude Include="Engine\Renderers\OpenGL\OpelGLManager.h">
      <Filter>Header Files</Filter>
    </ClInclude>
    <ClInclude Include="Game\GO_Triangle.h">
      <Filter>Header Files</Filter>
    </ClInclude>
    <ClInclude Include="Engine\Renderers\OpenGL\OpenGLShaderManager.h">
      <Filter>Header Files</Filter>
    </ClInclude>
    <ClInclude Include="Game\GO_Camera.h">
      <Filter>Header Files</Filter>
    </ClInclude>
    <ClInclude Include="Engine\SDL\SDLTextureHandler.h">
      <Filter>SDL</Filter>
    </ClInclude>
    <ClInclude Include="Engine\FX\LightSourceComponent.h">
      <Filter>Header Files</Filter>
    </ClInclude>
    <ClInclude Include="Engine\FX\LightSource.h">
      <Filter>Header Files</Filter>
    </ClInclude>
    <ClInclude Include="Engine\FX\DirectionalLight.h">
      <Filter>Header Files</Filter>
    </ClInclude>
    <ClInclude Include="Engine\FX\DirectionalLightComponent.h">
      <Filter>Header Files</Filter>
    </ClInclude>
    <ClInclude Include="Game\Apple.h">
      <Filter>Header Files</Filter>
    </ClInclude>
    <ClInclude Include="Engine\Math\FVector2.h">
      <Filter>Header Files</Filter>
    </ClInclude>
    <ClInclude Include="Engine\Math\IVector2.h">
      <Filter>Header Files</Filter>
    </ClInclude>
    <ClInclude Include="Engine\Math\IVector3.h">
      <Filter>Header Files</Filter>
    </ClInclude>
    <ClInclude Include="Engine\Core\LevelGraph.h">
      <Filter>Header Files</Filter>
    </ClInclude>
    <ClInclude Include="Engine\Event\EventHandler.h">
      <Filter>Header Files</Filter>
    </ClInclude>
    <ClInclude Include="MouseHandler.h">
      <Filter>Header Files</Filter>
    </ClInclude>
    <ClInclude Include="Game\Pawn.h">
      <Filter>Header Files</Filter>
    </ClInclude>
    <ClInclude Include="Engine\Objects\Components\Colliders\BoundingBox.h">
      <Filter>Header Files</Filter>
    </ClInclude>
    <ClInclude Include="Engine\Geometry\BoxBounds.h">
      <Filter>Header Files</Filter>
    </ClInclude>
    <ClInclude Include="Engine\Core\OctSpatialPartition.h">
      <Filter>Header Files</Filter>
    </ClInclude>
    <ClInclude Include="L_TetrahedronLevel.h">
      <Filter>Header Files</Filter>
    </ClInclude>
    <ClInclude Include="Tetrahedron.h">
      <Filter>Header Files</Filter>
    </ClInclude>
    <ClInclude Include="Engine\Geometry\Simplex.h">
      <Filter>Header Files</Filter>
    </ClInclude>
    <ClInclude Include="Engine\Objects\Components\MeshCollision.h">
      <Filter>Header Files</Filter>
    </ClInclude>
    <ClInclude Include="Engine\Core\CollisionHandler.h">
      <Filter>Header Files</Filter>
    </ClInclude>
    <ClInclude Include="Engine\Objects\Components\Colliders\CollisionDetection.h">
      <Filter>Header Files</Filter>
    </ClInclude>
  </ItemGroup>
  <ItemGroup>
    <ResourceCompile Include="Vulkan_GameEngine.rc">
      <Filter>Resource Files</Filter>
    </ResourceCompile>
  </ItemGroup>
  <ItemGroup>
    <None Include="Engine\Shaders\Base.frag">
      <Filter>Renderers\Shaders\BaseShader</Filter>
    </None>
    <None Include="Engine\Shaders\Base.vert">
      <Filter>Renderers\Shaders\BaseShader</Filter>
    </None>
    <None Include="Engine\Shaders\ColourShader.vert" />
    <None Include="Engine\Shaders\ColourShader.frag" />
    <None Include="Engine\Shaders\TextureShader.vert" />
    <None Include="Engine\Shaders\TextureShader.frag" />
  </ItemGroup>
</Project>